
Microsoft Visual Studio Solution File, Format Version 12.00
# Visual Studio 15
VisualStudioVersion = 15.0.27428.2027
MinimumVisualStudioVersion = 10.0.40219.1
Project("{FAE04EC0-301F-11D3-BF4B-00C04F79EFBC}") = "rbt", "rbt\rbt.csproj", "{3C9A16F9-3E6A-44E9-93FB-0BC9513D0005}"
EndProject
Project("{FAE04EC0-301F-11D3-BF4B-00C04F79EFBC}") = "rbt.Excel.Test", "rbt.Excel.Test\rbt.Excel.Test.csproj", "{EC2A67B2-CD5E-4DA7-91C6-1DC4651ABD73}"
EndProject
Project("{FAE04EC0-301F-11D3-BF4B-00C04F79EFBC}") = "rbt.DB.Test", "rbt.DB.Test\rbt.DB.Test.csproj", "{1371A43D-881F-47D5-87D7-96013826A72F}"
EndProject
Project("{FAE04EC0-301F-11D3-BF4B-00C04F79EFBC}") = "rbt.util.db.npg", "rbt.util.db.npg\rbt.util.db.npg.csproj", "{CFD0C640-01DD-4031-ADD4-510C54DE92C1}"
EndProject
Project("{FAE04EC0-301F-11D3-BF4B-00C04F79EFBC}") = "rbt.util.db.oracle", "rbt.util.db.oracle\rbt.util.db.oracle.csproj", "{03418681-4D43-44FC-9942-B8710C14DE7F}"
EndProject
Project("{FAE04EC0-301F-11D3-BF4B-00C04F79EFBC}") = "rbt.util.db.sql", "rbt.util.db.sql\rbt.util.db.sql.csproj", "{6CC58A5D-C526-4689-A1C1-2F12CA069EED}"
EndProject
Project("{FAE04EC0-301F-11D3-BF4B-00C04F79EFBC}") = "rbt.util.db.sqlite", "rbt.util.db.sqlite\rbt.util.db.sqlite.csproj", "{C7F25AC5-0DE2-4D5F-B0E7-9BF8A931DE07}"
EndProject
Project("{FAE04EC0-301F-11D3-BF4B-00C04F79EFBC}") = "rbt.util.excel", "rbt.util.excel\rbt.util.excel.csproj", "{B5DBCD16-32E2-489B-9DE7-A4A41FEC1945}"
EndProject
Project("{FAE04EC0-301F-11D3-BF4B-00C04F79EFBC}") = "rbt.Test", "rbt.Test\rbt.Test.csproj", "{0BB071AB-91AA-4195-A8B4-849DD589A60E}"
EndProject
Global
	GlobalSection(SolutionConfigurationPlatforms) = preSolution
		Debug|Any CPU = Debug|Any CPU
		Release|Any CPU = Release|Any CPU
	EndGlobalSection
	GlobalSection(ProjectConfigurationPlatforms) = postSolution
		{3C9A16F9-3E6A-44E9-93FB-0BC9513D0005}.Debug|Any CPU.ActiveCfg = Debug|Any CPU
		{3C9A16F9-3E6A-44E9-93FB-0BC9513D0005}.Debug|Any CPU.Build.0 = Debug|Any CPU
		{3C9A16F9-3E6A-44E9-93FB-0BC9513D0005}.Release|Any CPU.ActiveCfg = Release|Any CPU
		{3C9A16F9-3E6A-44E9-93FB-0BC9513D0005}.Release|Any CPU.Build.0 = Release|Any CPU
		{EC2A67B2-CD5E-4DA7-91C6-1DC4651ABD73}.Debug|Any CPU.ActiveCfg = Debug|Any CPU
		{EC2A67B2-CD5E-4DA7-91C6-1DC4651ABD73}.Debug|Any CPU.Build.0 = Debug|Any CPU
		{EC2A67B2-CD5E-4DA7-91C6-1DC4651ABD73}.Release|Any CPU.ActiveCfg = Release|Any CPU
		{EC2A67B2-CD5E-4DA7-91C6-1DC4651ABD73}.Release|Any CPU.Build.0 = Release|Any CPU
		{1371A43D-881F-47D5-87D7-96013826A72F}.Debug|Any CPU.ActiveCfg = Debug|Any CPU
		{1371A43D-881F-47D5-87D7-96013826A72F}.Debug|Any CPU.Build.0 = Debug|Any CPU
		{1371A43D-881F-47D5-87D7-96013826A72F}.Release|Any CPU.ActiveCfg = Release|Any CPU
		{1371A43D-881F-47D5-87D7-96013826A72F}.Release|Any CPU.Build.0 = Release|Any CPU
		{CFD0C640-01DD-4031-ADD4-510C54DE92C1}.Debug|Any CPU.ActiveCfg = Debug|Any CPU
		{CFD0C640-01DD-4031-ADD4-510C54DE92C1}.Debug|Any CPU.Build.0 = Debug|Any CPU
		{CFD0C640-01DD-4031-ADD4-510C54DE92C1}.Release|Any CPU.ActiveCfg = Release|Any CPU
		{CFD0C640-01DD-4031-ADD4-510C54DE92C1}.Release|Any CPU.Build.0 = Release|Any CPU
		{03418681-4D43-44FC-9942-B8710C14DE7F}.Debug|Any CPU.ActiveCfg = Debug|Any CPU
		{03418681-4D43-44FC-9942-B8710C14DE7F}.Debug|Any CPU.Build.0 = Debug|Any CPU
		{03418681-4D43-44FC-9942-B8710C14DE7F}.Release|Any CPU.ActiveCfg = Release|Any CPU
		{03418681-4D43-44FC-9942-B8710C14DE7F}.Release|Any CPU.Build.0 = Release|Any CPU
		{6CC58A5D-C526-4689-A1C1-2F12CA069EED}.Debug|Any CPU.ActiveCfg = Debug|Any CPU
		{6CC58A5D-C526-4689-A1C1-2F12CA069EED}.Debug|Any CPU.Build.0 = Debug|Any CPU
		{6CC58A5D-C526-4689-A1C1-2F12CA069EED}.Release|Any CPU.ActiveCfg = Release|Any CPU
		{6CC58A5D-C526-4689-A1C1-2F12CA069EED}.Release|Any CPU.Build.0 = Release|Any CPU
		{C7F25AC5-0DE2-4D5F-B0E7-9BF8A931DE07}.Debug|Any CPU.ActiveCfg = Debug|Any CPU
		{C7F25AC5-0DE2-4D5F-B0E7-9BF8A931DE07}.Debug|Any CPU.Build.0 = Debug|Any CPU
		{C7F25AC5-0DE2-4D5F-B0E7-9BF8A931DE07}.Release|Any CPU.ActiveCfg = Release|Any CPU
		{C7F25AC5-0DE2-4D5F-B0E7-9BF8A931DE07}.Release|Any CPU.Build.0 = Release|Any CPU
		{B5DBCD16-32E2-489B-9DE7-A4A41FEC1945}.Debug|Any CPU.ActiveCfg = Debug|Any CPU
		{B5DBCD16-32E2-489B-9DE7-A4A41FEC1945}.Debug|Any CPU.Build.0 = Debug|Any CPU
		{B5DBCD16-32E2-489B-9DE7-A4A41FEC1945}.Release|Any CPU.ActiveCfg = Release|Any CPU
		{B5DBCD16-32E2-489B-9DE7-A4A41FEC1945}.Release|Any CPU.Build.0 = Release|Any CPU
		{0BB071AB-91AA-4195-A8B4-849DD589A60E}.Debug|Any CPU.ActiveCfg = Debug|Any CPU
		{0BB071AB-91AA-4195-A8B4-849DD589A60E}.Debug|Any CPU.Build.0 = Debug|Any CPU
		{0BB071AB-91AA-4195-A8B4-849DD589A60E}.Release|Any CPU.ActiveCfg = Release|Any CPU
		{0BB071AB-91AA-4195-A8B4-849DD589A60E}.Release|Any CPU.Build.0 = Release|Any CPU
	EndGlobalSection
	GlobalSection(SolutionProperties) = preSolution
		HideSolutionNode = FALSE
	EndGlobalSection
	GlobalSection(ExtensibilityGlobals) = postSolution
		SolutionGuid = {5BD65CA7-8885-44CA-8EAD-DB230DD121F8}
	EndGlobalSection
EndGlobal
